{
  "name": "phanx-ecs",
  "version": "0.0.3",
  "lockfileVersion": 1,
  "requires": true,
  "dependencies": {
    "dictionaryjs": {
      "version": "1.0.7",
      "resolved": "https://registry.npmjs.org/dictionaryjs/-/dictionaryjs-1.0.7.tgz",
      "integrity": "sha512-RxPhYgXumfbCg8vOom6CrdK2rR8j+GranRTVKJFCfhtKfsd+pf4i/KHz0lmBr0x7aRzKhChS8Wt2Eh+mnUU9Vg=="
    },
    "typescript": {
      "version": "2.9.0-dev.20180515",
      "resolved": "https://registry.npmjs.org/typescript/-/typescript-2.9.0-dev.20180515.tgz",
      "integrity": "sha512-tkBul+7ibjTC/gKjz/ggyREb3km0MhbgthAtSEmVjUWP8WGgCWyLnGqzlHpgZN8teu6e69ox+0kLYNnJQ6gzlQ=="
    }
  }
}
